
Microsoft Visual Studio Solution File, Format Version 12.00
# Visual Studio Version 16
VisualStudioVersion = 16.0.810.17
MinimumVisualStudioVersion = 10.0.40219.1
Project("{FAE04EC0-301F-11D3-BF4B-00C04F79EFBC}") = "MediatRSample", "MediatRSample.csproj", "{EADFFAB0-BC21-451F-9977-C72D3369E88B}"
EndProject
Global
	GlobalSection(SolutionConfigurationPlatforms) = preSolution
		Debug|Any CPU = Debug|Any CPU
		Release|Any CPU = Release|Any CPU
	EndGlobalSection
	GlobalSection(ProjectConfigurationPlatforms) = postSolution
		{EADFFAB0-BC21-451F-9977-C72D3369E88B}.Debug|Any CPU.ActiveCfg = Debug|Any CPU
		{EADFFAB0-BC21-451F-9977-C72D3369E88B}.Debug|Any CPU.Build.0 = Debug|Any CPU
		{EADFFAB0-BC21-451F-9977-C72D3369E88B}.Release|Any CPU.ActiveCfg = Release|Any CPU
		{EADFFAB0-BC21-451F-9977-C72D3369E88B}.Release|Any CPU.Build.0 = Release|Any CPU
	EndGlobalSection
	GlobalSection(SolutionProperties) = preSolution
		HideSolutionNode = FALSE
	EndGlobalSection
	GlobalSection(ExtensibilityGlobals) = postSolution
		SolutionGuid = {620903CE-6FB4-4EC1-9FD5-6CBD4457FD70}
	EndGlobalSection
EndGlobal
